
Microsoft Visual Studio Solution File, Format Version 12.00
# Visual Studio Version 17
VisualStudioVersion = 17.8.34330.188
MinimumVisualStudioVersion = 10.0.40219.1
Project("{FAE04EC0-301F-11D3-BF4B-00C04F79EFBC}") = "FileOperationExample", "FileOperationExample\FileOperationExample.csproj", "{C93554EE-EE35-4096-99E3-FAA898CB2F96}"
EndProject
Global
	GlobalSection(SolutionConfigurationPlatforms) = preSolution
		Debug|Any CPU = Debug|Any CPU
		Release|Any CPU = Release|Any CPU
	EndGlobalSection
	GlobalSection(ProjectConfigurationPlatforms) = postSolution
		{C93554EE-EE35-4096-99E3-FAA898CB2F96}.Debug|Any CPU.ActiveCfg = Debug|Any CPU
		{C93554EE-EE35-4096-99E3-FAA898CB2F96}.Debug|Any CPU.Build.0 = Debug|Any CPU
		{C93554EE-EE35-4096-99E3-FAA898CB2F96}.Release|Any CPU.ActiveCfg = Release|Any CPU
		{C93554EE-EE35-4096-99E3-FAA898CB2F96}.Release|Any CPU.Build.0 = Release|Any CPU
	EndGlobalSection
	GlobalSection(SolutionProperties) = preSolution
		HideSolutionNode = FALSE
	EndGlobalSection
	GlobalSection(ExtensibilityGlobals) = postSolution
		SolutionGuid = {6292C1AB-60A1-4184-85D2-EDC221F0D19F}
	EndGlobalSection
EndGlobal
